
Microsoft Visual Studio Solution File, Format Version 12.00
# Visual Studio 15
VisualStudioVersion = 15.0.27130.2003
MinimumVisualStudioVersion = 10.0.40219.1
Project("{9A19103F-16F7-4668-BE54-9A1E7A4F7556}") = "CentralOperativa.Api", "CentralOperativa.Api\CentralOperativa.Api.csproj", "{563BC98F-E4A2-48FD-8B14-F3F0E3A5CBD1}"
EndProject
Project("{9A19103F-16F7-4668-BE54-9A1E7A4F7556}") = "CentralOperativa.Api.Tests", "CentralOperativa.Api.Tests\CentralOperativa.Api.Tests.csproj", "{E3CBF4CF-6418-4E95-A1D7-E18936A190AA}"
EndProject
Project("{9A19103F-16F7-4668-BE54-9A1E7A4F7556}") = "CentralOperativa.Model", "CentralOperativa.Model\CentralOperativa.Model.csproj", "{FC5BC8AE-2105-4095-B819-B2C2600CA25B}"
EndProject
Global
	GlobalSection(SolutionConfigurationPlatforms) = preSolution
		Debug|Any CPU = Debug|Any CPU
		Release|Any CPU = Release|Any CPU
	EndGlobalSection
	GlobalSection(ProjectConfigurationPlatforms) = postSolution
		{563BC98F-E4A2-48FD-8B14-F3F0E3A5CBD1}.Debug|Any CPU.ActiveCfg = Debug|Any CPU
		{563BC98F-E4A2-48FD-8B14-F3F0E3A5CBD1}.Debug|Any CPU.Build.0 = Debug|Any CPU
		{563BC98F-E4A2-48FD-8B14-F3F0E3A5CBD1}.Release|Any CPU.ActiveCfg = Release|Any CPU
		{563BC98F-E4A2-48FD-8B14-F3F0E3A5CBD1}.Release|Any CPU.Build.0 = Release|Any CPU
		{E3CBF4CF-6418-4E95-A1D7-E18936A190AA}.Debug|Any CPU.ActiveCfg = Debug|Any CPU
		{E3CBF4CF-6418-4E95-A1D7-E18936A190AA}.Debug|Any CPU.Build.0 = Debug|Any CPU
		{E3CBF4CF-6418-4E95-A1D7-E18936A190AA}.Release|Any CPU.ActiveCfg = Release|Any CPU
		{E3CBF4CF-6418-4E95-A1D7-E18936A190AA}.Release|Any CPU.Build.0 = Release|Any CPU
		{FC5BC8AE-2105-4095-B819-B2C2600CA25B}.Debug|Any CPU.ActiveCfg = Debug|Any CPU
		{FC5BC8AE-2105-4095-B819-B2C2600CA25B}.Debug|Any CPU.Build.0 = Debug|Any CPU
		{FC5BC8AE-2105-4095-B819-B2C2600CA25B}.Release|Any CPU.ActiveCfg = Release|Any CPU
		{FC5BC8AE-2105-4095-B819-B2C2600CA25B}.Release|Any CPU.Build.0 = Release|Any CPU
	EndGlobalSection
	GlobalSection(SolutionProperties) = preSolution
		HideSolutionNode = FALSE
	EndGlobalSection
	GlobalSection(ExtensibilityGlobals) = postSolution
		SolutionGuid = {DABD49FC-CB53-4483-8169-1D91C7DEFE2A}
	EndGlobalSection
EndGlobal
